
Microsoft Visual Studio Solution File, Format Version 12.00
# Visual Studio Version 16
VisualStudioVersion = 16.0.31205.134
MinimumVisualStudioVersion = 10.0.40219.1
Project("{FAE04EC0-301F-11D3-BF4B-00C04F79EFBC}") = "Dependency", "Dependency.csproj", "{C9E1E50B-7A03-4E4B-8701-2987FED2ED6E}"
EndProject
Global
	GlobalSection(SolutionConfigurationPlatforms) = preSolution
		Debug|Any CPU = Debug|Any CPU
		Release|Any CPU = Release|Any CPU
	EndGlobalSection
	GlobalSection(ProjectConfigurationPlatforms) = postSolution
		{C9E1E50B-7A03-4E4B-8701-2987FED2ED6E}.Debug|Any CPU.ActiveCfg = Debug|Any CPU
		{C9E1E50B-7A03-4E4B-8701-2987FED2ED6E}.Debug|Any CPU.Build.0 = Debug|Any CPU
		{C9E1E50B-7A03-4E4B-8701-2987FED2ED6E}.Release|Any CPU.ActiveCfg = Release|Any CPU
		{C9E1E50B-7A03-4E4B-8701-2987FED2ED6E}.Release|Any CPU.Build.0 = Release|Any CPU
	EndGlobalSection
	GlobalSection(SolutionProperties) = preSolution
		HideSolutionNode = FALSE
	EndGlobalSection
	GlobalSection(ExtensibilityGlobals) = postSolution
		SolutionGuid = {F7C0A933-55DE-49A7-ACA2-3460ED7B10BC}
	EndGlobalSection
EndGlobal
